
Microsoft Visual Studio Solution File, Format Version 12.00
# Visual Studio Version 16
VisualStudioVersion = 16.0.31613.86
MinimumVisualStudioVersion = 10.0.40219.1
Project("{FAE04EC0-301F-11D3-BF4B-00C04F79EFBC}") = "App1.Android", "App1\App1.Android\App1.Android.csproj", "{FB289B7A-E3C5-47DB-875B-F1F1807D4728}"
EndProject
Project("{FAE04EC0-301F-11D3-BF4B-00C04F79EFBC}") = "App1.iOS", "App1\App1.iOS\App1.iOS.csproj", "{2C78F9EE-6843-4EAD-8751-70C58415E9FB}"
EndProject
Project("{FAE04EC0-301F-11D3-BF4B-00C04F79EFBC}") = "App1", "App1\App1\App1.csproj", "{34F630C5-C7A3-4E33-8262-6C4DBBC51682}"
EndProject
Global
	GlobalSection(SolutionConfigurationPlatforms) = preSolution
		Debug|Any CPU = Debug|Any CPU
		Debug|iPhone = Debug|iPhone
		Debug|iPhoneSimulator = Debug|iPhoneSimulator
		Release|Any CPU = Release|Any CPU
		Release|iPhone = Release|iPhone
		Release|iPhoneSimulator = Release|iPhoneSimulator
	EndGlobalSection
	GlobalSection(ProjectConfigurationPlatforms) = postSolution
		{FB289B7A-E3C5-47DB-875B-F1F1807D4728}.Debug|Any CPU.ActiveCfg = Debug|Any CPU
		{FB289B7A-E3C5-47DB-875B-F1F1807D4728}.Debug|Any CPU.Build.0 = Debug|Any CPU
		{FB289B7A-E3C5-47DB-875B-F1F1807D4728}.Debug|Any CPU.Deploy.0 = Debug|Any CPU
		{FB289B7A-E3C5-47DB-875B-F1F1807D4728}.Debug|iPhone.ActiveCfg = Debug|Any CPU
		{FB289B7A-E3C5-47DB-875B-F1F1807D4728}.Debug|iPhone.Build.0 = Debug|Any CPU
		{FB289B7A-E3C5-47DB-875B-F1F1807D4728}.Debug|iPhone.Deploy.0 = Debug|Any CPU
		{FB289B7A-E3C5-47DB-875B-F1F1807D4728}.Debug|iPhoneSimulator.ActiveCfg = Debug|Any CPU
		{FB289B7A-E3C5-47DB-875B-F1F1807D4728}.Debug|iPhoneSimulator.Build.0 = Debug|Any CPU
		{FB289B7A-E3C5-47DB-875B-F1F1807D4728}.Debug|iPhoneSimulator.Deploy.0 = Debug|Any CPU
		{FB289B7A-E3C5-47DB-875B-F1F1807D4728}.Release|Any CPU.ActiveCfg = Release|Any CPU
		{FB289B7A-E3C5-47DB-875B-F1F1807D4728}.Release|Any CPU.Build.0 = Release|Any CPU
		{FB289B7A-E3C5-47DB-875B-F1F1807D4728}.Release|Any CPU.Deploy.0 = Release|Any CPU
		{FB289B7A-E3C5-47DB-875B-F1F1807D4728}.Release|iPhone.ActiveCfg = Release|Any CPU
		{FB289B7A-E3C5-47DB-875B-F1F1807D4728}.Release|iPhone.Build.0 = Release|Any CPU
		{FB289B7A-E3C5-47DB-875B-F1F1807D4728}.Release|iPhone.Deploy.0 = Release|Any CPU
		{FB289B7A-E3C5-47DB-875B-F1F1807D4728}.Release|iPhoneSimulator.ActiveCfg = Release|Any CPU
		{FB289B7A-E3C5-47DB-875B-F1F1807D4728}.Release|iPhoneSimulator.Build.0 = Release|Any CPU
		{FB289B7A-E3C5-47DB-875B-F1F1807D4728}.Release|iPhoneSimulator.Deploy.0 = Release|Any CPU
		{2C78F9EE-6843-4EAD-8751-70C58415E9FB}.Debug|Any CPU.ActiveCfg = Debug|iPhone
		{2C78F9EE-6843-4EAD-8751-70C58415E9FB}.Debug|Any CPU.Build.0 = Debug|iPhone
		{2C78F9EE-6843-4EAD-8751-70C58415E9FB}.Debug|Any CPU.Deploy.0 = Debug|iPhone
		{2C78F9EE-6843-4EAD-8751-70C58415E9FB}.Debug|iPhone.ActiveCfg = Debug|iPhone
		{2C78F9EE-6843-4EAD-8751-70C58415E9FB}.Debug|iPhone.Build.0 = Debug|iPhone
		{2C78F9EE-6843-4EAD-8751-70C58415E9FB}.Debug|iPhone.Deploy.0 = Debug|iPhone
		{2C78F9EE-6843-4EAD-8751-70C58415E9FB}.Debug|iPhoneSimulator.ActiveCfg = Debug|iPhoneSimulator
		{2C78F9EE-6843-4EAD-8751-70C58415E9FB}.Debug|iPhoneSimulator.Build.0 = Debug|iPhoneSimulator
		{2C78F9EE-6843-4EAD-8751-70C58415E9FB}.Debug|iPhoneSimulator.Deploy.0 = Debug|iPhoneSimulator
		{2C78F9EE-6843-4EAD-8751-70C58415E9FB}.Release|Any CPU.ActiveCfg = Release|iPhoneSimulator
		{2C78F9EE-6843-4EAD-8751-70C58415E9FB}.Release|Any CPU.Build.0 = Release|iPhoneSimulator
		{2C78F9EE-6843-4EAD-8751-70C58415E9FB}.Release|Any CPU.Deploy.0 = Release|iPhoneSimulator
		{2C78F9EE-6843-4EAD-8751-70C58415E9FB}.Release|iPhone.ActiveCfg = Release|iPhone
		{2C78F9EE-6843-4EAD-8751-70C58415E9FB}.Release|iPhone.Build.0 = Release|iPhone
		{2C78F9EE-6843-4EAD-8751-70C58415E9FB}.Release|iPhone.Deploy.0 = Release|iPhone
		{2C78F9EE-6843-4EAD-8751-70C58415E9FB}.Release|iPhoneSimulator.ActiveCfg = Release|iPhoneSimulator
		{2C78F9EE-6843-4EAD-8751-70C58415E9FB}.Release|iPhoneSimulator.Build.0 = Release|iPhoneSimulator
		{2C78F9EE-6843-4EAD-8751-70C58415E9FB}.Release|iPhoneSimulator.Deploy.0 = Release|iPhoneSimulator
		{34F630C5-C7A3-4E33-8262-6C4DBBC51682}.Debug|Any CPU.ActiveCfg = Debug|Any CPU
		{34F630C5-C7A3-4E33-8262-6C4DBBC51682}.Debug|Any CPU.Build.0 = Debug|Any CPU
		{34F630C5-C7A3-4E33-8262-6C4DBBC51682}.Debug|Any CPU.Deploy.0 = Debug|Any CPU
		{34F630C5-C7A3-4E33-8262-6C4DBBC51682}.Debug|iPhone.ActiveCfg = Debug|Any CPU
		{34F630C5-C7A3-4E33-8262-6C4DBBC51682}.Debug|iPhone.Build.0 = Debug|Any CPU
		{34F630C5-C7A3-4E33-8262-6C4DBBC51682}.Debug|iPhone.Deploy.0 = Debug|Any CPU
		{34F630C5-C7A3-4E33-8262-6C4DBBC51682}.Debug|iPhoneSimulator.ActiveCfg = Debug|Any CPU
		{34F630C5-C7A3-4E33-8262-6C4DBBC51682}.Debug|iPhoneSimulator.Build.0 = Debug|Any CPU
		{34F630C5-C7A3-4E33-8262-6C4DBBC51682}.Debug|iPhoneSimulator.Deploy.0 = Debug|Any CPU
		{34F630C5-C7A3-4E33-8262-6C4DBBC51682}.Release|Any CPU.ActiveCfg = Release|Any CPU
		{34F630C5-C7A3-4E33-8262-6C4DBBC51682}.Release|Any CPU.Build.0 = Release|Any CPU
		{34F630C5-C7A3-4E33-8262-6C4DBBC51682}.Release|Any CPU.Deploy.0 = Release|Any CPU
		{34F630C5-C7A3-4E33-8262-6C4DBBC51682}.Release|iPhone.ActiveCfg = Release|Any CPU
		{34F630C5-C7A3-4E33-8262-6C4DBBC51682}.Release|iPhone.Build.0 = Release|Any CPU
		{34F630C5-C7A3-4E33-8262-6C4DBBC51682}.Release|iPhone.Deploy.0 = Release|Any CPU
		{34F630C5-C7A3-4E33-8262-6C4DBBC51682}.Release|iPhoneSimulator.ActiveCfg = Release|Any CPU
		{34F630C5-C7A3-4E33-8262-6C4DBBC51682}.Release|iPhoneSimulator.Build.0 = Release|Any CPU
		{34F630C5-C7A3-4E33-8262-6C4DBBC51682}.Release|iPhoneSimulator.Deploy.0 = Release|Any CPU
	EndGlobalSection
	GlobalSection(SolutionProperties) = preSolution
		HideSolutionNode = FALSE
	EndGlobalSection
	GlobalSection(ExtensibilityGlobals) = postSolution
		SolutionGuid = {BF4A10B7-08E6-41E0-981B-3F0F0AFDC9B3}
	EndGlobalSection
EndGlobal
