
Microsoft Visual Studio Solution File, Format Version 12.00
# Visual Studio Version 16
VisualStudioVersion = 16.0.31613.86
MinimumVisualStudioVersion = 10.0.40219.1
Project("{FAE04EC0-301F-11D3-BF4B-00C04F79EFBC}") = "App2.Android", "App2\App2.Android\App2.Android.csproj", "{CB0FCC2E-E97F-4D8A-A541-8218B1D21946}"
EndProject
Project("{FAE04EC0-301F-11D3-BF4B-00C04F79EFBC}") = "App2.iOS", "App2\App2.iOS\App2.iOS.csproj", "{9E3AA547-B0FB-4CBE-8AF4-D8692435E3DE}"
EndProject
Project("{FAE04EC0-301F-11D3-BF4B-00C04F79EFBC}") = "App2", "App2\App2\App2.csproj", "{489F5017-5B33-463A-8EB9-BC12252D1066}"
EndProject
Global
	GlobalSection(SolutionConfigurationPlatforms) = preSolution
		Debug|Any CPU = Debug|Any CPU
		Debug|iPhone = Debug|iPhone
		Debug|iPhoneSimulator = Debug|iPhoneSimulator
		Release|Any CPU = Release|Any CPU
		Release|iPhone = Release|iPhone
		Release|iPhoneSimulator = Release|iPhoneSimulator
	EndGlobalSection
	GlobalSection(ProjectConfigurationPlatforms) = postSolution
		{CB0FCC2E-E97F-4D8A-A541-8218B1D21946}.Debug|Any CPU.ActiveCfg = Debug|Any CPU
		{CB0FCC2E-E97F-4D8A-A541-8218B1D21946}.Debug|Any CPU.Build.0 = Debug|Any CPU
		{CB0FCC2E-E97F-4D8A-A541-8218B1D21946}.Debug|Any CPU.Deploy.0 = Debug|Any CPU
		{CB0FCC2E-E97F-4D8A-A541-8218B1D21946}.Debug|iPhone.ActiveCfg = Debug|Any CPU
		{CB0FCC2E-E97F-4D8A-A541-8218B1D21946}.Debug|iPhone.Build.0 = Debug|Any CPU
		{CB0FCC2E-E97F-4D8A-A541-8218B1D21946}.Debug|iPhone.Deploy.0 = Debug|Any CPU
		{CB0FCC2E-E97F-4D8A-A541-8218B1D21946}.Debug|iPhoneSimulator.ActiveCfg = Debug|Any CPU
		{CB0FCC2E-E97F-4D8A-A541-8218B1D21946}.Debug|iPhoneSimulator.Build.0 = Debug|Any CPU
		{CB0FCC2E-E97F-4D8A-A541-8218B1D21946}.Debug|iPhoneSimulator.Deploy.0 = Debug|Any CPU
		{CB0FCC2E-E97F-4D8A-A541-8218B1D21946}.Release|Any CPU.ActiveCfg = Release|Any CPU
		{CB0FCC2E-E97F-4D8A-A541-8218B1D21946}.Release|Any CPU.Build.0 = Release|Any CPU
		{CB0FCC2E-E97F-4D8A-A541-8218B1D21946}.Release|Any CPU.Deploy.0 = Release|Any CPU
		{CB0FCC2E-E97F-4D8A-A541-8218B1D21946}.Release|iPhone.ActiveCfg = Release|Any CPU
		{CB0FCC2E-E97F-4D8A-A541-8218B1D21946}.Release|iPhone.Build.0 = Release|Any CPU
		{CB0FCC2E-E97F-4D8A-A541-8218B1D21946}.Release|iPhone.Deploy.0 = Release|Any CPU
		{CB0FCC2E-E97F-4D8A-A541-8218B1D21946}.Release|iPhoneSimulator.ActiveCfg = Release|Any CPU
		{CB0FCC2E-E97F-4D8A-A541-8218B1D21946}.Release|iPhoneSimulator.Build.0 = Release|Any CPU
		{CB0FCC2E-E97F-4D8A-A541-8218B1D21946}.Release|iPhoneSimulator.Deploy.0 = Release|Any CPU
		{9E3AA547-B0FB-4CBE-8AF4-D8692435E3DE}.Debug|Any CPU.ActiveCfg = Debug|iPhone
		{9E3AA547-B0FB-4CBE-8AF4-D8692435E3DE}.Debug|Any CPU.Build.0 = Debug|iPhone
		{9E3AA547-B0FB-4CBE-8AF4-D8692435E3DE}.Debug|Any CPU.Deploy.0 = Debug|iPhone
		{9E3AA547-B0FB-4CBE-8AF4-D8692435E3DE}.Debug|iPhone.ActiveCfg = Debug|iPhone
		{9E3AA547-B0FB-4CBE-8AF4-D8692435E3DE}.Debug|iPhone.Build.0 = Debug|iPhone
		{9E3AA547-B0FB-4CBE-8AF4-D8692435E3DE}.Debug|iPhone.Deploy.0 = Debug|iPhone
		{9E3AA547-B0FB-4CBE-8AF4-D8692435E3DE}.Debug|iPhoneSimulator.ActiveCfg = Debug|iPhoneSimulator
		{9E3AA547-B0FB-4CBE-8AF4-D8692435E3DE}.Debug|iPhoneSimulator.Build.0 = Debug|iPhoneSimulator
		{9E3AA547-B0FB-4CBE-8AF4-D8692435E3DE}.Debug|iPhoneSimulator.Deploy.0 = Debug|iPhoneSimulator
		{9E3AA547-B0FB-4CBE-8AF4-D8692435E3DE}.Release|Any CPU.ActiveCfg = Release|iPhoneSimulator
		{9E3AA547-B0FB-4CBE-8AF4-D8692435E3DE}.Release|Any CPU.Build.0 = Release|iPhoneSimulator
		{9E3AA547-B0FB-4CBE-8AF4-D8692435E3DE}.Release|Any CPU.Deploy.0 = Release|iPhoneSimulator
		{9E3AA547-B0FB-4CBE-8AF4-D8692435E3DE}.Release|iPhone.ActiveCfg = Release|iPhone
		{9E3AA547-B0FB-4CBE-8AF4-D8692435E3DE}.Release|iPhone.Build.0 = Release|iPhone
		{9E3AA547-B0FB-4CBE-8AF4-D8692435E3DE}.Release|iPhone.Deploy.0 = Release|iPhone
		{9E3AA547-B0FB-4CBE-8AF4-D8692435E3DE}.Release|iPhoneSimulator.ActiveCfg = Release|iPhoneSimulator
		{9E3AA547-B0FB-4CBE-8AF4-D8692435E3DE}.Release|iPhoneSimulator.Build.0 = Release|iPhoneSimulator
		{9E3AA547-B0FB-4CBE-8AF4-D8692435E3DE}.Release|iPhoneSimulator.Deploy.0 = Release|iPhoneSimulator
		{489F5017-5B33-463A-8EB9-BC12252D1066}.Debug|Any CPU.ActiveCfg = Debug|Any CPU
		{489F5017-5B33-463A-8EB9-BC12252D1066}.Debug|Any CPU.Build.0 = Debug|Any CPU
		{489F5017-5B33-463A-8EB9-BC12252D1066}.Debug|Any CPU.Deploy.0 = Debug|Any CPU
		{489F5017-5B33-463A-8EB9-BC12252D1066}.Debug|iPhone.ActiveCfg = Debug|Any CPU
		{489F5017-5B33-463A-8EB9-BC12252D1066}.Debug|iPhone.Build.0 = Debug|Any CPU
		{489F5017-5B33-463A-8EB9-BC12252D1066}.Debug|iPhone.Deploy.0 = Debug|Any CPU
		{489F5017-5B33-463A-8EB9-BC12252D1066}.Debug|iPhoneSimulator.ActiveCfg = Debug|Any CPU
		{489F5017-5B33-463A-8EB9-BC12252D1066}.Debug|iPhoneSimulator.Build.0 = Debug|Any CPU
		{489F5017-5B33-463A-8EB9-BC12252D1066}.Debug|iPhoneSimulator.Deploy.0 = Debug|Any CPU
		{489F5017-5B33-463A-8EB9-BC12252D1066}.Release|Any CPU.ActiveCfg = Release|Any CPU
		{489F5017-5B33-463A-8EB9-BC12252D1066}.Release|Any CPU.Build.0 = Release|Any CPU
		{489F5017-5B33-463A-8EB9-BC12252D1066}.Release|Any CPU.Deploy.0 = Release|Any CPU
		{489F5017-5B33-463A-8EB9-BC12252D1066}.Release|iPhone.ActiveCfg = Release|Any CPU
		{489F5017-5B33-463A-8EB9-BC12252D1066}.Release|iPhone.Build.0 = Release|Any CPU
		{489F5017-5B33-463A-8EB9-BC12252D1066}.Release|iPhone.Deploy.0 = Release|Any CPU
		{489F5017-5B33-463A-8EB9-BC12252D1066}.Release|iPhoneSimulator.ActiveCfg = Release|Any CPU
		{489F5017-5B33-463A-8EB9-BC12252D1066}.Release|iPhoneSimulator.Build.0 = Release|Any CPU
		{489F5017-5B33-463A-8EB9-BC12252D1066}.Release|iPhoneSimulator.Deploy.0 = Release|Any CPU
	EndGlobalSection
	GlobalSection(SolutionProperties) = preSolution
		HideSolutionNode = FALSE
	EndGlobalSection
	GlobalSection(ExtensibilityGlobals) = postSolution
		SolutionGuid = {7D4E37A1-47C7-45B4-B4D1-922576BFFEEB}
	EndGlobalSection
EndGlobal
