
Microsoft Visual Studio Solution File, Format Version 12.00
# Visual Studio Version 16
VisualStudioVersion = 16.0.31613.86
MinimumVisualStudioVersion = 10.0.40219.1
Project("{FAE04EC0-301F-11D3-BF4B-00C04F79EFBC}") = "App3.Android", "App3\App3.Android\App3.Android.csproj", "{60A9EE7C-C6A8-4A3C-9549-1BB240E8D358}"
EndProject
Project("{FAE04EC0-301F-11D3-BF4B-00C04F79EFBC}") = "App3.iOS", "App3\App3.iOS\App3.iOS.csproj", "{1E66D19A-502F-42A2-A1E1-CE139A75038D}"
EndProject
Project("{9A19103F-16F7-4668-BE54-9A1E7A4F7556}") = "App3", "App3\App3\App3.csproj", "{A862357D-5FC3-4FD9-A226-B91FCDD72DF0}"
EndProject
Global
	GlobalSection(SolutionConfigurationPlatforms) = preSolution
		Debug|Any CPU = Debug|Any CPU
		Debug|iPhone = Debug|iPhone
		Debug|iPhoneSimulator = Debug|iPhoneSimulator
		Release|Any CPU = Release|Any CPU
		Release|iPhone = Release|iPhone
		Release|iPhoneSimulator = Release|iPhoneSimulator
	EndGlobalSection
	GlobalSection(ProjectConfigurationPlatforms) = postSolution
		{60A9EE7C-C6A8-4A3C-9549-1BB240E8D358}.Debug|Any CPU.ActiveCfg = Debug|Any CPU
		{60A9EE7C-C6A8-4A3C-9549-1BB240E8D358}.Debug|Any CPU.Build.0 = Debug|Any CPU
		{60A9EE7C-C6A8-4A3C-9549-1BB240E8D358}.Debug|Any CPU.Deploy.0 = Debug|Any CPU
		{60A9EE7C-C6A8-4A3C-9549-1BB240E8D358}.Debug|iPhone.ActiveCfg = Debug|Any CPU
		{60A9EE7C-C6A8-4A3C-9549-1BB240E8D358}.Debug|iPhone.Build.0 = Debug|Any CPU
		{60A9EE7C-C6A8-4A3C-9549-1BB240E8D358}.Debug|iPhone.Deploy.0 = Debug|Any CPU
		{60A9EE7C-C6A8-4A3C-9549-1BB240E8D358}.Debug|iPhoneSimulator.ActiveCfg = Debug|Any CPU
		{60A9EE7C-C6A8-4A3C-9549-1BB240E8D358}.Debug|iPhoneSimulator.Build.0 = Debug|Any CPU
		{60A9EE7C-C6A8-4A3C-9549-1BB240E8D358}.Debug|iPhoneSimulator.Deploy.0 = Debug|Any CPU
		{60A9EE7C-C6A8-4A3C-9549-1BB240E8D358}.Release|Any CPU.ActiveCfg = Release|Any CPU
		{60A9EE7C-C6A8-4A3C-9549-1BB240E8D358}.Release|Any CPU.Build.0 = Release|Any CPU
		{60A9EE7C-C6A8-4A3C-9549-1BB240E8D358}.Release|Any CPU.Deploy.0 = Release|Any CPU
		{60A9EE7C-C6A8-4A3C-9549-1BB240E8D358}.Release|iPhone.ActiveCfg = Release|Any CPU
		{60A9EE7C-C6A8-4A3C-9549-1BB240E8D358}.Release|iPhone.Build.0 = Release|Any CPU
		{60A9EE7C-C6A8-4A3C-9549-1BB240E8D358}.Release|iPhone.Deploy.0 = Release|Any CPU
		{60A9EE7C-C6A8-4A3C-9549-1BB240E8D358}.Release|iPhoneSimulator.ActiveCfg = Release|Any CPU
		{60A9EE7C-C6A8-4A3C-9549-1BB240E8D358}.Release|iPhoneSimulator.Build.0 = Release|Any CPU
		{60A9EE7C-C6A8-4A3C-9549-1BB240E8D358}.Release|iPhoneSimulator.Deploy.0 = Release|Any CPU
		{1E66D19A-502F-42A2-A1E1-CE139A75038D}.Debug|Any CPU.ActiveCfg = Debug|iPhone
		{1E66D19A-502F-42A2-A1E1-CE139A75038D}.Debug|Any CPU.Build.0 = Debug|iPhone
		{1E66D19A-502F-42A2-A1E1-CE139A75038D}.Debug|Any CPU.Deploy.0 = Debug|iPhone
		{1E66D19A-502F-42A2-A1E1-CE139A75038D}.Debug|iPhone.ActiveCfg = Debug|iPhone
		{1E66D19A-502F-42A2-A1E1-CE139A75038D}.Debug|iPhone.Build.0 = Debug|iPhone
		{1E66D19A-502F-42A2-A1E1-CE139A75038D}.Debug|iPhone.Deploy.0 = Debug|iPhone
		{1E66D19A-502F-42A2-A1E1-CE139A75038D}.Debug|iPhoneSimulator.ActiveCfg = Debug|iPhoneSimulator
		{1E66D19A-502F-42A2-A1E1-CE139A75038D}.Debug|iPhoneSimulator.Build.0 = Debug|iPhoneSimulator
		{1E66D19A-502F-42A2-A1E1-CE139A75038D}.Debug|iPhoneSimulator.Deploy.0 = Debug|iPhoneSimulator
		{1E66D19A-502F-42A2-A1E1-CE139A75038D}.Release|Any CPU.ActiveCfg = Release|iPhoneSimulator
		{1E66D19A-502F-42A2-A1E1-CE139A75038D}.Release|Any CPU.Build.0 = Release|iPhoneSimulator
		{1E66D19A-502F-42A2-A1E1-CE139A75038D}.Release|Any CPU.Deploy.0 = Release|iPhoneSimulator
		{1E66D19A-502F-42A2-A1E1-CE139A75038D}.Release|iPhone.ActiveCfg = Release|iPhone
		{1E66D19A-502F-42A2-A1E1-CE139A75038D}.Release|iPhone.Build.0 = Release|iPhone
		{1E66D19A-502F-42A2-A1E1-CE139A75038D}.Release|iPhone.Deploy.0 = Release|iPhone
		{1E66D19A-502F-42A2-A1E1-CE139A75038D}.Release|iPhoneSimulator.ActiveCfg = Release|iPhoneSimulator
		{1E66D19A-502F-42A2-A1E1-CE139A75038D}.Release|iPhoneSimulator.Build.0 = Release|iPhoneSimulator
		{1E66D19A-502F-42A2-A1E1-CE139A75038D}.Release|iPhoneSimulator.Deploy.0 = Release|iPhoneSimulator
		{A862357D-5FC3-4FD9-A226-B91FCDD72DF0}.Debug|Any CPU.ActiveCfg = Debug|Any CPU
		{A862357D-5FC3-4FD9-A226-B91FCDD72DF0}.Debug|Any CPU.Build.0 = Debug|Any CPU
		{A862357D-5FC3-4FD9-A226-B91FCDD72DF0}.Debug|Any CPU.Deploy.0 = Debug|Any CPU
		{A862357D-5FC3-4FD9-A226-B91FCDD72DF0}.Debug|iPhone.ActiveCfg = Debug|Any CPU
		{A862357D-5FC3-4FD9-A226-B91FCDD72DF0}.Debug|iPhone.Build.0 = Debug|Any CPU
		{A862357D-5FC3-4FD9-A226-B91FCDD72DF0}.Debug|iPhone.Deploy.0 = Debug|Any CPU
		{A862357D-5FC3-4FD9-A226-B91FCDD72DF0}.Debug|iPhoneSimulator.ActiveCfg = Debug|Any CPU
		{A862357D-5FC3-4FD9-A226-B91FCDD72DF0}.Debug|iPhoneSimulator.Build.0 = Debug|Any CPU
		{A862357D-5FC3-4FD9-A226-B91FCDD72DF0}.Debug|iPhoneSimulator.Deploy.0 = Debug|Any CPU
		{A862357D-5FC3-4FD9-A226-B91FCDD72DF0}.Release|Any CPU.ActiveCfg = Release|Any CPU
		{A862357D-5FC3-4FD9-A226-B91FCDD72DF0}.Release|Any CPU.Build.0 = Release|Any CPU
		{A862357D-5FC3-4FD9-A226-B91FCDD72DF0}.Release|Any CPU.Deploy.0 = Release|Any CPU
		{A862357D-5FC3-4FD9-A226-B91FCDD72DF0}.Release|iPhone.ActiveCfg = Release|Any CPU
		{A862357D-5FC3-4FD9-A226-B91FCDD72DF0}.Release|iPhone.Build.0 = Release|Any CPU
		{A862357D-5FC3-4FD9-A226-B91FCDD72DF0}.Release|iPhone.Deploy.0 = Release|Any CPU
		{A862357D-5FC3-4FD9-A226-B91FCDD72DF0}.Release|iPhoneSimulator.ActiveCfg = Release|Any CPU
		{A862357D-5FC3-4FD9-A226-B91FCDD72DF0}.Release|iPhoneSimulator.Build.0 = Release|Any CPU
		{A862357D-5FC3-4FD9-A226-B91FCDD72DF0}.Release|iPhoneSimulator.Deploy.0 = Release|Any CPU
	EndGlobalSection
	GlobalSection(SolutionProperties) = preSolution
		HideSolutionNode = FALSE
	EndGlobalSection
	GlobalSection(ExtensibilityGlobals) = postSolution
		SolutionGuid = {69589A04-895D-4A33-9624-7260D1FD431E}
	EndGlobalSection
EndGlobal
