
Microsoft Visual Studio Solution File, Format Version 12.00
# Visual Studio Version 16
VisualStudioVersion = 16.0.31613.86
MinimumVisualStudioVersion = 10.0.40219.1
Project("{FAE04EC0-301F-11D3-BF4B-00C04F79EFBC}") = "WebAPI", "WebAPI\WebAPI.csproj", "{FCA4B5ED-6604-4C1F-9CD3-82DE326164A8}"
EndProject
Global
	GlobalSection(SolutionConfigurationPlatforms) = preSolution
		Debug|Any CPU = Debug|Any CPU
		Release|Any CPU = Release|Any CPU
	EndGlobalSection
	GlobalSection(ProjectConfigurationPlatforms) = postSolution
		{FCA4B5ED-6604-4C1F-9CD3-82DE326164A8}.Debug|Any CPU.ActiveCfg = Debug|Any CPU
		{FCA4B5ED-6604-4C1F-9CD3-82DE326164A8}.Debug|Any CPU.Build.0 = Debug|Any CPU
		{FCA4B5ED-6604-4C1F-9CD3-82DE326164A8}.Release|Any CPU.ActiveCfg = Release|Any CPU
		{FCA4B5ED-6604-4C1F-9CD3-82DE326164A8}.Release|Any CPU.Build.0 = Release|Any CPU
	EndGlobalSection
	GlobalSection(SolutionProperties) = preSolution
		HideSolutionNode = FALSE
	EndGlobalSection
	GlobalSection(ExtensibilityGlobals) = postSolution
		SolutionGuid = {706C0000-14B2-46E4-BB3E-11D102DDD65E}
	EndGlobalSection
EndGlobal
